// !$*UTF8*$!
{
	archiveVersion = 1;
	classes = {
	};
	objectVersion = 55;
	objects = {

/* Begin PBXBuildFile section */
		1A0E3A992862F7E200132FCB /* AppDelegate.swift in Sources */ = {isa = PBXBuildFile; fileRef = 1A0E3A982862F7E200132FCB /* AppDelegate.swift */; };
		1A0E3A9B2862F7E200132FCB /* SceneDelegate.swift in Sources */ = {isa = PBXBuildFile; fileRef = 1A0E3A9A2862F7E200132FCB /* SceneDelegate.swift */; };
		1A0E3AA22862F7E300132FCB /* Assets.xcassets in Resources */ = {isa = PBXBuildFile; fileRef = 1A0E3AA12862F7E300132FCB /* Assets.xcassets */; };
		1A0E3AA52862F7E300132FCB /* LaunchScreen.storyboard in Resources */ = {isa = PBXBuildFile; fileRef = 1A0E3AA32862F7E300132FCB /* LaunchScreen.storyboard */; };
		1A0E3ABA2862F7E300132FCB /* WallaMarvelUITests.swift in Sources */ = {isa = PBXBuildFile; fileRef = 1A0E3AB92862F7E300132FCB /* WallaMarvelUITests.swift */; };
		1A0E3ABC2862F7E300132FCB /* WallaMarvelUITestsLaunchTests.swift in Sources */ = {isa = PBXBuildFile; fileRef = 1A0E3ABB2862F7E300132FCB /* WallaMarvelUITestsLaunchTests.swift */; };
		A66389F32DCE202500466318 /* Kingfisher in Frameworks */ = {isa = PBXBuildFile; productRef = A66389F22DCE202500466318 /* Kingfisher */; };
		D3196DA92F9BED710018E4A3 /* PokemonListViewModel.swift in Sources */ = {isa = PBXBuildFile; fileRef = D3196DA82F9BED700018E4A3 /* PokemonListViewModel.swift */; };
		D3196DC42F9BF7CE0018E4A3 /* PokemonDTO.swift in Sources */ = {isa = PBXBuildFile; fileRef = D3196DC32F9BF7CD0018E4A3 /* PokemonDTO.swift */; };
		D3196DC92F9BF7DC0018E4A3 /* PokemonMapper.swift in Sources */ = {isa = PBXBuildFile; fileRef = D3196DC72F9BF7D80018E4A3 /* PokemonMapper.swift */; };
		D3196DF42F9C10E50018E4A3 /* PokemonDetailContainerView.swift in Sources */ = {isa = PBXBuildFile; fileRef = D3196DF32F9C10E40018E4A3 /* PokemonDetailContainerView.swift */; };
		D3196DFB2F9C122C0018E4A3 /* GetPokemonListUseCaseProtocol.swift in Sources */ = {isa = PBXBuildFile; fileRef = D3196DFA2F9C122A0018E4A3 /* GetPokemonListUseCaseProtocol.swift */; };
		D3196E002F9C123E0018E4A3 /* GetPokemonByTypeUseCaseProtocol.swift in Sources */ = {isa = PBXBuildFile; fileRef = D3196DFF2F9C123D0018E4A3 /* GetPokemonByTypeUseCaseProtocol.swift */; };
		D3196E042F9C12470018E4A3 /* GetPokemonDetailUseCaseProtocol.swift in Sources */ = {isa = PBXBuildFile; fileRef = D3196E032F9C12460018E4A3 /* GetPokemonDetailUseCaseProtocol.swift */; };
		D3196E072F9C12510018E4A3 /* GetPokemonTypesUseCaseProtocol.swift in Sources */ = {isa = PBXBuildFile; fileRef = D3196E062F9C12500018E4A3 /* GetPokemonTypesUseCaseProtocol.swift */; };
		D3196E0A2F9C12570018E4A3 /* SearchPokemonUseCaseProtocol.swift in Sources */ = {isa = PBXBuildFile; fileRef = D3196E092F9C12570018E4A3 /* SearchPokemonUseCaseProtocol.swift */; };
		D3196E0D2F9C125E0018E4A3 /* GetFavoritesUseCaseProtocol.swift in Sources */ = {isa = PBXBuildFile; fileRef = D3196E0C2F9C125E0018E4A3 /* GetFavoritesUseCaseProtocol.swift */; };
		D3196E112F9C12690018E4A3 /* ToggleFavoriteUseCaseProtocol.swift in Sources */ = {isa = PBXBuildFile; fileRef = D3196E102F9C12680018E4A3 /* ToggleFavoriteUseCaseProtocol.swift */; };
		D3196E212F9C37D00018E4A3 /* AccessibilitySnapshot in Frameworks */ = {isa = PBXBuildFile; productRef = D3196E202F9C37D00018E4A3 /* AccessibilitySnapshot */; };
		D3196E232F9C37D00018E4A3 /* AccessibilitySnapshotCore in Frameworks */ = {isa = PBXBuildFile; productRef = D3196E222F9C37D00018E4A3 /* AccessibilitySnapshotCore */; };
		D3196E252F9C37D00018E4A3 /* FBSnapshotTestCase+Accessibility in Frameworks */ = {isa = PBXBuildFile; productRef = D3196E242F9C37D00018E4A3 /* FBSnapshotTestCase+Accessibility */; };
		D3196E2C2F9C39450018E4A3 /* AccessibilitySnapshotTests.swift in Sources */ = {isa = PBXBuildFile; fileRef = D3196E2B2F9C39450018E4A3 /* AccessibilitySnapshotTests.swift */; };
		D34DFA3D2F96DDA800386709 /* PokemonListViewModelTests.swift in Sources */ = {isa = PBXBuildFile; fileRef = D34DFA3C2F96DDA600386709 /* PokemonListViewModelTests.swift */; };
		D34DFA3F2F96E1D000386709 /* Pokemon.swift in Sources */ = {isa = PBXBuildFile; fileRef = D34DFA3E2F96E1CD00386709 /* Pokemon.swift */; };
		D34DFA472F96E24B00386709 /* PokemonRepository.swift in Sources */ = {isa = PBXBuildFile; fileRef = D34DFA462F96E24A00386709 /* PokemonRepository.swift */; };
		D34DFA492F96E25F00386709 /* PokemonRepositoryProtocol.swift in Sources */ = {isa = PBXBuildFile; fileRef = D34DFA482F96E25E00386709 /* PokemonRepositoryProtocol.swift */; };
		D34DFA4B2F96E28400386709 /* GetPokemonListUseCase.swift in Sources */ = {isa = PBXBuildFile; fileRef = D34DFA4A2F96E28300386709 /* GetPokemonListUseCase.swift */; };
		D34DFA512F96E5DD00386709 /* PokemonListView.swift in Sources */ = {isa = PBXBuildFile; fileRef = D34DFA502F96E5DC00386709 /* PokemonListView.swift */; };
		D34DFA532F96E5EA00386709 /* PokemonRowView.swift in Sources */ = {isa = PBXBuildFile; fileRef = D34DFA522F96E5E900386709 /* PokemonRowView.swift */; };
		D34DFA542F96E60000386709 /* PokemonDetail.swift in Sources */ = {isa = PBXBuildFile; fileRef = D34DFA552F96E60100386709 /* PokemonDetail.swift */; };
		D34DFA582F96E60400386709 /* GetPokemonDetailUseCase.swift in Sources */ = {isa = PBXBuildFile; fileRef = D34DFA592F96E60500386709 /* GetPokemonDetailUseCase.swift */; };
		D34DFA5A2F96E60600386709 /* PokemonDetailViewModel.swift in Sources */ = {isa = PBXBuildFile; fileRef = D34DFA5B2F96E60700386709 /* PokemonDetailViewModel.swift */; };
		D34DFA5C2F96E60800386709 /* PokemonDetailView.swift in Sources */ = {isa = PBXBuildFile; fileRef = D34DFA5D2F96E60900386709 /* PokemonDetailView.swift */; };
		D34DFA5E2F96E70000386709 /* PokemonDetailHeaderView.swift in Sources */ = {isa = PBXBuildFile; fileRef = D34DFA5F2F96E70100386709 /* PokemonDetailHeaderView.swift */; };
		D34DFA602F96E70200386709 /* PokemonStatsSectionView.swift in Sources */ = {isa = PBXBuildFile; fileRef = D34DFA612F96E70300386709 /* PokemonStatsSectionView.swift */; };
		D34DFA622F96E70400386709 /* PokemonInfoSectionView.swift in Sources */ = {isa = PBXBuildFile; fileRef = D34DFA632F96E70500386709 /* PokemonInfoSectionView.swift */; };
		D34DFA642F96E70600386709 /* PokemonAbilitiesSectionView.swift in Sources */ = {isa = PBXBuildFile; fileRef = D34DFA652F96E70700386709 /* PokemonAbilitiesSectionView.swift */; };
		D34DFA682F96E71000386709 /* PokemonSoundPlayer.swift in Sources */ = {isa = PBXBuildFile; fileRef = D34DFA692F96E71100386709 /* PokemonSoundPlayer.swift */; };
		D34DFA6A2F96E72000386709 /* PokemonDetailViewModelTests.swift in Sources */ = {isa = PBXBuildFile; fileRef = D34DFA6B2F96E72100386709 /* PokemonDetailViewModelTests.swift */; };
		D34DFA6C2F96E72200386709 /* SearchPokemonUseCase.swift in Sources */ = {isa = PBXBuildFile; fileRef = D34DFA6D2F96E72300386709 /* SearchPokemonUseCase.swift */; };
		D34DFA702F96E72600386709 /* PokemonNetworkServiceProtocol.swift in Sources */ = {isa = PBXBuildFile; fileRef = D34DFA712F96E72700386709 /* PokemonNetworkServiceProtocol.swift */; };
		D34DFA722F96E72800386709 /* PokemonAPINetworkService.swift in Sources */ = {isa = PBXBuildFile; fileRef = D34DFA732F96E72900386709 /* PokemonAPINetworkService.swift */; };
		D34DFA742F96E72A00386709 /* PokemonDataMapper.swift in Sources */ = {isa = PBXBuildFile; fileRef = D34DFA752F96E72B00386709 /* PokemonDataMapper.swift */; };
		D34DFA762F96E72C00386709 /* OpenAPIPokemonNetworkService.swift in Sources */ = {isa = PBXBuildFile; fileRef = D34DFA772F96E72D00386709 /* OpenAPIPokemonNetworkService.swift */; };
		D34DFA782F96E72E00386709 /* OpenAPIPokemonDataMapper.swift in Sources */ = {isa = PBXBuildFile; fileRef = D34DFA792F96E72F00386709 /* OpenAPIPokemonDataMapper.swift */; };
		D3A5E07E2F9A86E6007F83A5 /* PokemonMapperHelpers.swift in Sources */ = {isa = PBXBuildFile; fileRef = D3A5E07D2F9A86E6007F83A5 /* PokemonMapperHelpers.swift */; };
		D3A5E0872F9A980B007F83A5 /* GetPokemonByTypeUseCase.swift in Sources */ = {isa = PBXBuildFile; fileRef = D3A5E0862F9A980B007F83A5 /* GetPokemonByTypeUseCase.swift */; };
		D3A5E0A32F9AA1F4007F83A5 /* Color+PokemonType.swift in Sources */ = {isa = PBXBuildFile; fileRef = D3A5E0A12F9AA1F4007F83A5 /* Color+PokemonType.swift */; };
		D3A5E0B32F9AA21D007F83A5 /* GetPokemonTypesUseCase.swift in Sources */ = {isa = PBXBuildFile; fileRef = D3A5E0B22F9AA21D007F83A5 /* GetPokemonTypesUseCase.swift */; };
		D3A5E0BB2F9AA2E1007F83A5 /* String+PokemonType.swift in Sources */ = {isa = PBXBuildFile; fileRef = D3A5E0BA2F9AA2E1007F83A5 /* String+PokemonType.swift */; };
		D3A5E0C82F9AA56B007F83A5 /* PokemonTypeBadgeView.swift in Sources */ = {isa = PBXBuildFile; fileRef = D3A5E0C72F9AA56B007F83A5 /* PokemonTypeBadgeView.swift */; };
		D3A5E0E22F9AAF8C007F83A5 /* MockGetPokemonTypesUseCase.swift in Sources */ = {isa = PBXBuildFile; fileRef = D3A5E0DF2F9AAF8C007F83A5 /* MockGetPokemonTypesUseCase.swift */; };
		D3A5E0E32F9AAF8C007F83A5 /* MockGetPokemonDetailUseCase.swift in Sources */ = {isa = PBXBuildFile; fileRef = D3A5E0DD2F9AAF8C007F83A5 /* MockGetPokemonDetailUseCase.swift */; };
		D3A5E0E42F9AAF8C007F83A5 /* MockGetPokemonListUseCase.swift in Sources */ = {isa = PBXBuildFile; fileRef = D3A5E0DE2F9AAF8C007F83A5 /* MockGetPokemonListUseCase.swift */; };
		D3A5E0E52F9AAF8C007F83A5 /* MockSearchPokemonUseCase.swift in Sources */ = {isa = PBXBuildFile; fileRef = D3A5E0E02F9AAF8C007F83A5 /* MockSearchPokemonUseCase.swift */; };
		D3A5E0E62F9AAF8C007F83A5 /* MockGetPokemonByTypeUseCase.swift in Sources */ = {isa = PBXBuildFile; fileRef = D3A5E0DC2F9AAF8C007F83A5 /* MockGetPokemonByTypeUseCase.swift */; };
		D3A5E0EA2F9AAF95007F83A5 /* PokemonDetail+Mock.swift in Sources */ = {isa = PBXBuildFile; fileRef = D3A5E0E82F9AAF95007F83A5 /* PokemonDetail+Mock.swift */; };
		D3A5E0F32F9AB42E007F83A5 /* AppLogger.swift in Sources */ = {isa = PBXBuildFile; fileRef = D3A5E0F22F9AB42E007F83A5 /* AppLogger.swift */; };
		D3A5E0F72F9AB435007F83A5 /* ErrorAlertModifier.swift in Sources */ = {isa = PBXBuildFile; fileRef = D3A5E0F62F9AB435007F83A5 /* ErrorAlertModifier.swift */; };
		D3A5E10A2F9AB9DA007F83A5 /* PokemonSpriteView.swift in Sources */ = {isa = PBXBuildFile; fileRef = D3A5E1092F9AB9DA007F83A5 /* PokemonSpriteView.swift */; };
		D3A5E1162F9AD6DB007F83A5 /* RealmSwift in Frameworks */ = {isa = PBXBuildFile; productRef = D3A5E1152F9AD6DB007F83A5 /* RealmSwift */; };
		D3A5E11B2F9AD91F007F83A5 /* FavoritesRepositoryProtocol.swift in Sources */ = {isa = PBXBuildFile; fileRef = D3A5E11A2F9AD91F007F83A5 /* FavoritesRepositoryProtocol.swift */; };
		D3A5E11F2F9AD92A007F83A5 /* GetFavoritesUseCase.swift in Sources */ = {isa = PBXBuildFile; fileRef = D3A5E11E2F9AD92A007F83A5 /* GetFavoritesUseCase.swift */; };
		D3A5E1232F9AD932007F83A5 /* ToggleFavoriteUseCase.swift in Sources */ = {isa = PBXBuildFile; fileRef = D3A5E1222F9AD932007F83A5 /* ToggleFavoriteUseCase.swift */; };
		D3A5E1272F9AD944007F83A5 /* FavoritesRepository.swift in Sources */ = {isa = PBXBuildFile; fileRef = D3A5E1262F9AD944007F83A5 /* FavoritesRepository.swift */; };
		D3A5E12C2F9AD94F007F83A5 /* FavoritePokemon.swift in Sources */ = {isa = PBXBuildFile; fileRef = D3A5E12A2F9AD94F007F83A5 /* FavoritePokemon.swift */; };
		D3A5E1392F9ADF74007F83A5 /* MockToggleFavoriteUseCase.swift in Sources */ = {isa = PBXBuildFile; fileRef = D3A5E1382F9ADF74007F83A5 /* MockToggleFavoriteUseCase.swift */; };
		D3A5E13F2F9ADF7E007F83A5 /* MockGetFavoritesUseCase.swift in Sources */ = {isa = PBXBuildFile; fileRef = D3A5E13E2F9ADF7E007F83A5 /* MockGetFavoritesUseCase.swift */; };
		D3A5E1572F9B818C007F83A5 /* DependencyContainer.swift in Sources */ = {isa = PBXBuildFile; fileRef = D3A5E1562F9B818C007F83A5 /* DependencyContainer.swift */; };
		D3DC46F42F983A6700C72D3B /* PokemonAPI in Frameworks */ = {isa = PBXBuildFile; productRef = D3DC46F32F983A6700C72D3B /* PokemonAPI */; };
		D3DC47012F997D6400C72D3B /* OpenAPIRuntime in Frameworks */ = {isa = PBXBuildFile; productRef = D3DC47002F997D6400C72D3B /* OpenAPIRuntime */; };
		D3DC47042F997D7D00C72D3B /* OpenAPIURLSession in Frameworks */ = {isa = PBXBuildFile; productRef = D3DC47032F997D7D00C72D3B /* OpenAPIURLSession */; };
		D3DC47102F9980A500C72D3B /* openapi-generator-config.yaml in Resources */ = {isa = PBXBuildFile; fileRef = D3DC470F2F9980A500C72D3B /* openapi-generator-config.yaml */; };
		D3DC47272F99896300C72D3B /* openapi.yaml in Resources */ = {isa = PBXBuildFile; fileRef = D3DC47262F99896300C72D3B /* openapi.yaml */; };
/* End PBXBuildFile section */

/* Begin PBXContainerItemProxy section */
		1A0E3AAC2862F7E300132FCB /* PBXContainerItemProxy */ = {
			isa = PBXContainerItemProxy;
			containerPortal = 1A0E3A8D2862F7E200132FCB /* Project object */;
			proxyType = 1;
			remoteGlobalIDString = 1A0E3A942862F7E200132FCB;
			remoteInfo = WallaMarvel;
		};
		1A0E3AB62862F7E300132FCB /* PBXContainerItemProxy */ = {
			isa = PBXContainerItemProxy;
			containerPortal = 1A0E3A8D2862F7E200132FCB /* Project object */;
			proxyType = 1;
			remoteGlobalIDString = 1A0E3A942862F7E200132FCB;
			remoteInfo = WallaMarvel;
		};
/* End PBXContainerItemProxy section */

/* Begin PBXFileReference section */
		1A0E3A952862F7E200132FCB /* WallaMarvel.app */ = {isa = PBXFileReference; explicitFileType = wrapper.application; includeInIndex = 0; path = WallaMarvel.app; sourceTree = BUILT_PRODUCTS_DIR; };
		1A0E3A982862F7E200132FCB /* AppDelegate.swift */ = {isa = PBXFileReference; lastKnownFileType = sourcecode.swift; path = AppDelegate.swift; sourceTree = "<group>"; };
		1A0E3A9A2862F7E200132FCB /* SceneDelegate.swift */ = {isa = PBXFileReference; lastKnownFileType = sourcecode.swift; path = SceneDelegate.swift; sourceTree = "<group>"; };
		1A0E3AA12862F7E300132FCB /* Assets.xcassets */ = {isa = PBXFileReference; lastKnownFileType = folder.assetcatalog; path = Assets.xcassets; sourceTree = "<group>"; };
		1A0E3AA42862F7E300132FCB /* Base */ = {isa = PBXFileReference; lastKnownFileType = file.storyboard; name = Base; path = Base.lproj/LaunchScreen.storyboard; sourceTree = "<group>"; };
		1A0E3AA62862F7E300132FCB /* Info.plist */ = {isa = PBXFileReference; lastKnownFileType = text.plist.xml; path = Info.plist; sourceTree = "<group>"; };
		1A0E3AAB2862F7E300132FCB /* WallaMarvelTests.xctest */ = {isa = PBXFileReference; explicitFileType = wrapper.cfbundle; includeInIndex = 0; path = WallaMarvelTests.xctest; sourceTree = BUILT_PRODUCTS_DIR; };
		1A0E3AB52862F7E300132FCB /* WallaMarvelUITests.xctest */ = {isa = PBXFileReference; explicitFileType = wrapper.cfbundle; includeInIndex = 0; path = WallaMarvelUITests.xctest; sourceTree = BUILT_PRODUCTS_DIR; };
		1A0E3AB92862F7E300132FCB /* WallaMarvelUITests.swift */ = {isa = PBXFileReference; lastKnownFileType = sourcecode.swift; path = WallaMarvelUITests.swift; sourceTree = "<group>"; };
		1A0E3ABB2862F7E300132FCB /* WallaMarvelUITestsLaunchTests.swift */ = {isa = PBXFileReference; lastKnownFileType = sourcecode.swift; path = WallaMarvelUITestsLaunchTests.swift; sourceTree = "<group>"; };
		D3196DA82F9BED700018E4A3 /* PokemonListViewModel.swift */ = {isa = PBXFileReference; lastKnownFileType = sourcecode.swift; path = PokemonListViewModel.swift; sourceTree = "<group>"; };
		D3196DC32F9BF7CD0018E4A3 /* PokemonDTO.swift */ = {isa = PBXFileReference; lastKnownFileType = sourcecode.swift; path = PokemonDTO.swift; sourceTree = "<group>"; };
		D3196DC72F9BF7D80018E4A3 /* PokemonMapper.swift */ = {isa = PBXFileReference; lastKnownFileType = sourcecode.swift; path = PokemonMapper.swift; sourceTree = "<group>"; };
		D3196DF32F9C10E40018E4A3 /* PokemonDetailContainerView.swift */ = {isa = PBXFileReference; lastKnownFileType = sourcecode.swift; path = PokemonDetailContainerView.swift; sourceTree = "<group>"; };
		D3196DFA2F9C122A0018E4A3 /* GetPokemonListUseCaseProtocol.swift */ = {isa = PBXFileReference; lastKnownFileType = sourcecode.swift; path = GetPokemonListUseCaseProtocol.swift; sourceTree = "<group>"; };
		D3196DFF2F9C123D0018E4A3 /* GetPokemonByTypeUseCaseProtocol.swift */ = {isa = PBXFileReference; lastKnownFileType = sourcecode.swift; path = GetPokemonByTypeUseCaseProtocol.swift; sourceTree = "<group>"; };
		D3196E032F9C12460018E4A3 /* GetPokemonDetailUseCaseProtocol.swift */ = {isa = PBXFileReference; lastKnownFileType = sourcecode.swift; path = GetPokemonDetailUseCaseProtocol.swift; sourceTree = "<group>"; };
		D3196E062F9C12500018E4A3 /* GetPokemonTypesUseCaseProtocol.swift */ = {isa = PBXFileReference; lastKnownFileType = sourcecode.swift; path = GetPokemonTypesUseCaseProtocol.swift; sourceTree = "<group>"; };
		D3196E092F9C12570018E4A3 /* SearchPokemonUseCaseProtocol.swift */ = {isa = PBXFileReference; lastKnownFileType = sourcecode.swift; path = SearchPokemonUseCaseProtocol.swift; sourceTree = "<group>"; };
		D3196E0C2F9C125E0018E4A3 /* GetFavoritesUseCaseProtocol.swift */ = {isa = PBXFileReference; lastKnownFileType = sourcecode.swift; path = GetFavoritesUseCaseProtocol.swift; sourceTree = "<group>"; };
		D3196E102F9C12680018E4A3 /* ToggleFavoriteUseCaseProtocol.swift */ = {isa = PBXFileReference; lastKnownFileType = sourcecode.swift; path = ToggleFavoriteUseCaseProtocol.swift; sourceTree = "<group>"; };
		D3196E2B2F9C39450018E4A3 /* AccessibilitySnapshotTests.swift */ = {isa = PBXFileReference; lastKnownFileType = sourcecode.swift; path = AccessibilitySnapshotTests.swift; sourceTree = "<group>"; };
		D34DFA3C2F96DDA600386709 /* PokemonListViewModelTests.swift */ = {isa = PBXFileReference; lastKnownFileType = sourcecode.swift; path = PokemonListViewModelTests.swift; sourceTree = "<group>"; };
		D34DFA3E2F96E1CD00386709 /* Pokemon.swift */ = {isa = PBXFileReference; lastKnownFileType = sourcecode.swift; path = Pokemon.swift; sourceTree = "<group>"; };
		D34DFA462F96E24A00386709 /* PokemonRepository.swift */ = {isa = PBXFileReference; lastKnownFileType = sourcecode.swift; path = PokemonRepository.swift; sourceTree = "<group>"; };
		D34DFA482F96E25E00386709 /* PokemonRepositoryProtocol.swift */ = {isa = PBXFileReference; lastKnownFileType = sourcecode.swift; path = PokemonRepositoryProtocol.swift; sourceTree = "<group>"; };
		D34DFA4A2F96E28300386709 /* GetPokemonListUseCase.swift */ = {isa = PBXFileReference; lastKnownFileType = sourcecode.swift; path = GetPokemonListUseCase.swift; sourceTree = "<group>"; };
		D34DFA502F96E5DC00386709 /* PokemonListView.swift */ = {isa = PBXFileReference; lastKnownFileType = sourcecode.swift; path = PokemonListView.swift; sourceTree = "<group>"; };
		D34DFA522F96E5E900386709 /* PokemonRowView.swift */ = {isa = PBXFileReference; lastKnownFileType = sourcecode.swift; path = PokemonRowView.swift; sourceTree = "<group>"; };
		D34DFA552F96E60100386709 /* PokemonDetail.swift */ = {isa = PBXFileReference; lastKnownFileType = sourcecode.swift; path = PokemonDetail.swift; sourceTree = "<group>"; };
		D34DFA592F96E60500386709 /* GetPokemonDetailUseCase.swift */ = {isa = PBXFileReference; lastKnownFileType = sourcecode.swift; path = GetPokemonDetailUseCase.swift; sourceTree = "<group>"; };
		D34DFA5B2F96E60700386709 /* PokemonDetailViewModel.swift */ = {isa = PBXFileReference; lastKnownFileType = sourcecode.swift; path = PokemonDetailViewModel.swift; sourceTree = "<group>"; };
		D34DFA5D2F96E60900386709 /* PokemonDetailView.swift */ = {isa = PBXFileReference; lastKnownFileType = sourcecode.swift; path = PokemonDetailView.swift; sourceTree = "<group>"; };
		D34DFA5F2F96E70100386709 /* PokemonDetailHeaderView.swift */ = {isa = PBXFileReference; lastKnownFileType = sourcecode.swift; path = PokemonDetailHeaderView.swift; sourceTree = "<group>"; };
		D34DFA612F96E70300386709 /* PokemonStatsSectionView.swift */ = {isa = PBXFileReference; lastKnownFileType = sourcecode.swift; path = PokemonStatsSectionView.swift; sourceTree = "<group>"; };
		D34DFA632F96E70500386709 /* PokemonInfoSectionView.swift */ = {isa = PBXFileReference; lastKnownFileType = sourcecode.swift; path = PokemonInfoSectionView.swift; sourceTree = "<group>"; };
		D34DFA652F96E70700386709 /* PokemonAbilitiesSectionView.swift */ = {isa = PBXFileReference; lastKnownFileType = sourcecode.swift; path = PokemonAbilitiesSectionView.swift; sourceTree = "<group>"; };
		D34DFA692F96E71100386709 /* PokemonSoundPlayer.swift */ = {isa = PBXFileReference; lastKnownFileType = sourcecode.swift; path = PokemonSoundPlayer.swift; sourceTree = "<group>"; };
		D34DFA6B2F96E72100386709 /* PokemonDetailViewModelTests.swift */ = {isa = PBXFileReference; lastKnownFileType = sourcecode.swift; path = PokemonDetailViewModelTests.swift; sourceTree = "<group>"; };
		D34DFA6D2F96E72300386709 /* SearchPokemonUseCase.swift */ = {isa = PBXFileReference; lastKnownFileType = sourcecode.swift; path = SearchPokemonUseCase.swift; sourceTree = "<group>"; };
		D34DFA712F96E72700386709 /* PokemonNetworkServiceProtocol.swift */ = {isa = PBXFileReference; lastKnownFileType = sourcecode.swift; path = PokemonNetworkServiceProtocol.swift; sourceTree = "<group>"; };
		D34DFA732F96E72900386709 /* PokemonAPINetworkService.swift */ = {isa = PBXFileReference; lastKnownFileType = sourcecode.swift; path = PokemonAPINetworkService.swift; sourceTree = "<group>"; };
		D34DFA752F96E72B00386709 /* PokemonDataMapper.swift */ = {isa = PBXFileReference; lastKnownFileType = sourcecode.swift; path = PokemonDataMapper.swift; sourceTree = "<group>"; };
		D34DFA772F96E72D00386709 /* OpenAPIPokemonNetworkService.swift */ = {isa = PBXFileReference; lastKnownFileType = sourcecode.swift; path = OpenAPIPokemonNetworkService.swift; sourceTree = "<group>"; };
		D34DFA792F96E72F00386709 /* OpenAPIPokemonDataMapper.swift */ = {isa = PBXFileReference; lastKnownFileType = sourcecode.swift; path = OpenAPIPokemonDataMapper.swift; sourceTree = "<group>"; };
		D3A5E07D2F9A86E6007F83A5 /* PokemonMapperHelpers.swift */ = {isa = PBXFileReference; lastKnownFileType = sourcecode.swift; path = PokemonMapperHelpers.swift; sourceTree = "<group>"; };
		D3A5E0862F9A980B007F83A5 /* GetPokemonByTypeUseCase.swift */ = {isa = PBXFileReference; lastKnownFileType = sourcecode.swift; path = GetPokemonByTypeUseCase.swift; sourceTree = "<group>"; };
		D3A5E0A12F9AA1F4007F83A5 /* Color+PokemonType.swift */ = {isa = PBXFileReference; lastKnownFileType = sourcecode.swift; path = "Color+PokemonType.swift"; sourceTree = "<group>"; };
		D3A5E0B22F9AA21D007F83A5 /* GetPokemonTypesUseCase.swift */ = {isa = PBXFileReference; lastKnownFileType = sourcecode.swift; path = GetPokemonTypesUseCase.swift; sourceTree = "<group>"; };
		D3A5E0BA2F9AA2E1007F83A5 /* String+PokemonType.swift */ = {isa = PBXFileReference; lastKnownFileType = sourcecode.swift; path = "String+PokemonType.swift"; sourceTree = "<group>"; };
		D3A5E0C72F9AA56B007F83A5 /* PokemonTypeBadgeView.swift */ = {isa = PBXFileReference; lastKnownFileType = sourcecode.swift; path = PokemonTypeBadgeView.swift; sourceTree = "<group>"; };
		D3A5E0DC2F9AAF8C007F83A5 /* MockGetPokemonByTypeUseCase.swift */ = {isa = PBXFileReference; lastKnownFileType = sourcecode.swift; path = MockGetPokemonByTypeUseCase.swift; sourceTree = "<group>"; };
		D3A5E0DD2F9AAF8C007F83A5 /* MockGetPokemonDetailUseCase.swift */ = {isa = PBXFileReference; lastKnownFileType = sourcecode.swift; path = MockGetPokemonDetailUseCase.swift; sourceTree = "<group>"; };
		D3A5E0DE2F9AAF8C007F83A5 /* MockGetPokemonListUseCase.swift */ = {isa = PBXFileReference; lastKnownFileType = sourcecode.swift; path = MockGetPokemonListUseCase.swift; sourceTree = "<group>"; };
		D3A5E0DF2F9AAF8C007F83A5 /* MockGetPokemonTypesUseCase.swift */ = {isa = PBXFileReference; lastKnownFileType = sourcecode.swift; path = MockGetPokemonTypesUseCase.swift; sourceTree = "<group>"; };
		D3A5E0E02F9AAF8C007F83A5 /* MockSearchPokemonUseCase.swift */ = {isa = PBXFileReference; lastKnownFileType = sourcecode.swift; path = MockSearchPokemonUseCase.swift; sourceTree = "<group>"; };
		D3A5E0E82F9AAF95007F83A5 /* PokemonDetail+Mock.swift */ = {isa = PBXFileReference; lastKnownFileType = sourcecode.swift; path = "PokemonDetail+Mock.swift"; sourceTree = "<group>"; };
		D3A5E0F22F9AB42E007F83A5 /* AppLogger.swift */ = {isa = PBXFileReference; lastKnownFileType = sourcecode.swift; path = AppLogger.swift; sourceTree = "<group>"; };
		D3A5E0F62F9AB435007F83A5 /* ErrorAlertModifier.swift */ = {isa = PBXFileReference; lastKnownFileType = sourcecode.swift; path = ErrorAlertModifier.swift; sourceTree = "<group>"; };
		D3A5E1092F9AB9DA007F83A5 /* PokemonSpriteView.swift */ = {isa = PBXFileReference; lastKnownFileType = sourcecode.swift; path = PokemonSpriteView.swift; sourceTree = "<group>"; };
		D3A5E11A2F9AD91F007F83A5 /* FavoritesRepositoryProtocol.swift */ = {isa = PBXFileReference; lastKnownFileType = sourcecode.swift; path = FavoritesRepositoryProtocol.swift; sourceTree = "<group>"; };
		D3A5E11E2F9AD92A007F83A5 /* GetFavoritesUseCase.swift */ = {isa = PBXFileReference; lastKnownFileType = sourcecode.swift; path = GetFavoritesUseCase.swift; sourceTree = "<group>"; };
		D3A5E1222F9AD932007F83A5 /* ToggleFavoriteUseCase.swift */ = {isa = PBXFileReference; lastKnownFileType = sourcecode.swift; path = ToggleFavoriteUseCase.swift; sourceTree = "<group>"; };
		D3A5E1262F9AD944007F83A5 /* FavoritesRepository.swift */ = {isa = PBXFileReference; lastKnownFileType = sourcecode.swift; path = FavoritesRepository.swift; sourceTree = "<group>"; };
		D3A5E12A2F9AD94F007F83A5 /* FavoritePokemon.swift */ = {isa = PBXFileReference; lastKnownFileType = sourcecode.swift; path = FavoritePokemon.swift; sourceTree = "<group>"; };
		D3A5E1382F9ADF74007F83A5 /* MockToggleFavoriteUseCase.swift */ = {isa = PBXFileReference; lastKnownFileType = sourcecode.swift; path = MockToggleFavoriteUseCase.swift; sourceTree = "<group>"; };
		D3A5E13E2F9ADF7E007F83A5 /* MockGetFavoritesUseCase.swift */ = {isa = PBXFileReference; lastKnownFileType = sourcecode.swift; path = MockGetFavoritesUseCase.swift; sourceTree = "<group>"; };
		D3A5E1562F9B818C007F83A5 /* DependencyContainer.swift */ = {isa = PBXFileReference; lastKnownFileType = sourcecode.swift; path = DependencyContainer.swift; sourceTree = "<group>"; };
		D3DC470F2F9980A500C72D3B /* openapi-generator-config.yaml */ = {isa = PBXFileReference; lastKnownFileType = text.yaml; path = "openapi-generator-config.yaml"; sourceTree = "<group>"; };
		D3DC47262F99896300C72D3B /* openapi.yaml */ = {isa = PBXFileReference; lastKnownFileType = text.yaml; path = openapi.yaml; sourceTree = "<group>"; };
/* End PBXFileReference section */

/* Begin PBXFrameworksBuildPhase section */
		1A0E3A922862F7E200132FCB /* Frameworks */ = {
			isa = PBXFrameworksBuildPhase;
			buildActionMask = 2147483647;
			files = (
				A66389F32DCE202500466318 /* Kingfisher in Frameworks */,
				D3DC47012F997D6400C72D3B /* OpenAPIRuntime in Frameworks */,
				D3DC46F42F983A6700C72D3B /* PokemonAPI in Frameworks */,
				D3A5E1162F9AD6DB007F83A5 /* RealmSwift in Frameworks */,
				D3DC47042F997D7D00C72D3B /* OpenAPIURLSession in Frameworks */,
			);
			runOnlyForDeploymentPostprocessing = 0;
		};
		1A0E3AA82862F7E300132FCB /* Frameworks */ = {
			isa = PBXFrameworksBuildPhase;
			buildActionMask = 2147483647;
			files = (
				D3196E232F9C37D00018E4A3 /* AccessibilitySnapshotCore in Frameworks */,
				D3196E212F9C37D00018E4A3 /* AccessibilitySnapshot in Frameworks */,
				D3196E252F9C37D00018E4A3 /* FBSnapshotTestCase+Accessibility in Frameworks */,
			);
			runOnlyForDeploymentPostprocessing = 0;
		};
		1A0E3AB22862F7E300132FCB /* Frameworks */ = {
			isa = PBXFrameworksBuildPhase;
			buildActionMask = 2147483647;
			files = (
			);
			runOnlyForDeploymentPostprocessing = 0;
		};
/* End PBXFrameworksBuildPhase section */

/* Begin PBXGroup section */
		1A0E3A8C2862F7E200132FCB = {
			isa = PBXGroup;
			children = (
				1A0E3A972862F7E200132FCB /* WallaMarvel */,
				1A0E3AAE2862F7E300132FCB /* WallaMarvelTests */,
				1A0E3AB82862F7E300132FCB /* WallaMarvelUITests */,
				1A0E3A962862F7E200132FCB /* Products */,
			);
			sourceTree = "<group>";
		};
		1A0E3A962862F7E200132FCB /* Products */ = {
			isa = PBXGroup;
			children = (
				1A0E3A952862F7E200132FCB /* WallaMarvel.app */,
				1A0E3AAB2862F7E300132FCB /* WallaMarvelTests.xctest */,
				1A0E3AB52862F7E300132FCB /* WallaMarvelUITests.xctest */,
			);
			name = Products;
			sourceTree = "<group>";
		};
		1A0E3A972862F7E200132FCB /* WallaMarvel */ = {
			isa = PBXGroup;
			children = (
				D3196DE32F9C10630018E4A3 /* Core */,
				D3A5E1912F9BE724007F83A5 /* App */,
				D3A5E0A22F9AA1F4007F83A5 /* Shared */,
				1A821EC62862FD650024D397 /* Domain */,
				1A821EC72862FD6E0024D397 /* Data */,
				D3DC46F62F984AC400C72D3B /* Network */,
				D3A5E19A2F9BE762007F83A5 /* Features */,
				1A0E3AA12862F7E300132FCB /* Assets.xcassets */,
				1A0E3AA32862F7E300132FCB /* LaunchScreen.storyboard */,
				1A0E3AA62862F7E300132FCB /* Info.plist */,
				D3DC47262F99896300C72D3B /* openapi.yaml */,
				D3DC470F2F9980A500C72D3B /* openapi-generator-config.yaml */,
			);
			path = WallaMarvel;
			sourceTree = "<group>";
		};
		1A0E3AAE2862F7E300132FCB /* WallaMarvelTests */ = {
			isa = PBXGroup;
			children = (
				D3196E2B2F9C39450018E4A3 /* AccessibilitySnapshotTests.swift */,
				D3A5E0E92F9AAF95007F83A5 /* TestData */,
				D3A5E0E12F9AAF8C007F83A5 /* Mocks */,
				D34DFA3C2F96DDA600386709 /* PokemonListViewModelTests.swift */,
				D34DFA6B2F96E72100386709 /* PokemonDetailViewModelTests.swift */,
			);
			path = WallaMarvelTests;
			sourceTree = "<group>";
		};
		1A0E3AB82862F7E300132FCB /* WallaMarvelUITests */ = {
			isa = PBXGroup;
			children = (
				1A0E3AB92862F7E300132FCB /* WallaMarvelUITests.swift */,
				1A0E3ABB2862F7E300132FCB /* WallaMarvelUITestsLaunchTests.swift */,
			);
			path = WallaMarvelUITests;
			sourceTree = "<group>";
		};
		1A821EC62862FD650024D397 /* Domain */ = {
			isa = PBXGroup;
			children = (
				D3196DB22F9BEE170018E4A3 /* Repositories */,
				D3DC46F92F984BBC00C72D3B /* Models */,
				1AC0347D286320F000E93178 /* UseCases */,
			);
			path = Domain;
			sourceTree = "<group>";
		};
		1A821EC72862FD6E0024D397 /* Data */ = {
			isa = PBXGroup;
			children = (
				D3196DB62F9BEE4B0018E4A3 /* Repositories */,
				D3A5E12B2F9AD94F007F83A5 /* Persistence */,
				D3DC46F72F984B0300C72D3B /* Mapper */,
			);
			path = Data;
			sourceTree = "<group>";
		};
		1AC0347D286320F000E93178 /* UseCases */ = {
			isa = PBXGroup;
			children = (
				D3196DF72F9C12190018E4A3 /* Protocols */,
				D3A5E1222F9AD932007F83A5 /* ToggleFavoriteUseCase.swift */,
				D3A5E11E2F9AD92A007F83A5 /* GetFavoritesUseCase.swift */,
				D3A5E0B22F9AA21D007F83A5 /* GetPokemonTypesUseCase.swift */,
				D3A5E0862F9A980B007F83A5 /* GetPokemonByTypeUseCase.swift */,
				D34DFA4A2F96E28300386709 /* GetPokemonListUseCase.swift */,
				D34DFA592F96E60500386709 /* GetPokemonDetailUseCase.swift */,
				D34DFA6D2F96E72300386709 /* SearchPokemonUseCase.swift */,
			);
			path = UseCases;
			sourceTree = "<group>";
		};
		D3196DB22F9BEE170018E4A3 /* Repositories */ = {
			isa = PBXGroup;
			children = (
				D3A5E11A2F9AD91F007F83A5 /* FavoritesRepositoryProtocol.swift */,
				D34DFA482F96E25E00386709 /* PokemonRepositoryProtocol.swift */,
			);
			path = Repositories;
			sourceTree = "<group>";
		};
		D3196DB62F9BEE4B0018E4A3 /* Repositories */ = {
			isa = PBXGroup;
			children = (
				D34DFA462F96E24A00386709 /* PokemonRepository.swift */,
				D3A5E1262F9AD944007F83A5 /* FavoritesRepository.swift */,
			);
			path = Repositories;
			sourceTree = "<group>";
		};
		D3196DCD2F9BF85D0018E4A3 /* DTO */ = {
			isa = PBXGroup;
			children = (
				D3196DC32F9BF7CD0018E4A3 /* PokemonDTO.swift */,
			);
			path = DTO;
			sourceTree = "<group>";
		};
		D3196DCE2F9BF8630018E4A3 /* Mapper */ = {
			isa = PBXGroup;
			children = (
				D34DFA792F96E72F00386709 /* OpenAPIPokemonDataMapper.swift */,
				D34DFA752F96E72B00386709 /* PokemonDataMapper.swift */,
			);
			path = Mapper;
			sourceTree = "<group>";
		};
		D3196DD92F9C0EEE0018E4A3 /* Components */ = {
			isa = PBXGroup;
			children = (
				D34DFA522F96E5E900386709 /* PokemonRowView.swift */,
			);
			path = Components;
			sourceTree = "<group>";
		};
		D3196DDD2F9C0EFC0018E4A3 /* Components */ = {
			isa = PBXGroup;
			children = (
				D34DFA5F2F96E70100386709 /* PokemonDetailHeaderView.swift */,
				D34DFA612F96E70300386709 /* PokemonStatsSectionView.swift */,
				D34DFA632F96E70500386709 /* PokemonInfoSectionView.swift */,
				D34DFA652F96E70700386709 /* PokemonAbilitiesSectionView.swift */,
			);
			path = Components;
			sourceTree = "<group>";
		};
		D3196DE32F9C10630018E4A3 /* Core */ = {
			isa = PBXGroup;
			children = (
				D3196DE52F9C10830018E4A3 /* Components */,
				D3196DE42F9C10680018E4A3 /* Utilities */,
			);
			path = Core;
			sourceTree = "<group>";
		};
		D3196DE42F9C10680018E4A3 /* Utilities */ = {
			isa = PBXGroup;
			children = (
				D3A5E0F22F9AB42E007F83A5 /* AppLogger.swift */,
			);
			path = Utilities;
			sourceTree = "<group>";
		};
		D3196DE52F9C10830018E4A3 /* Components */ = {
			isa = PBXGroup;
			children = (
				D3A5E0F62F9AB435007F83A5 /* ErrorAlertModifier.swift */,
			);
			path = Components;
			sourceTree = "<group>";
		};
		D3196DEA2F9C109A0018E4A3 /* Components */ = {
			isa = PBXGroup;
			children = (
				D3A5E1092F9AB9DA007F83A5 /* PokemonSpriteView.swift */,
				D3A5E0C72F9AA56B007F83A5 /* PokemonTypeBadgeView.swift */,
			);
			path = Components;
			sourceTree = "<group>";
		};
		D3196DEC2F9C10A00018E4A3 /* Extensions */ = {
			isa = PBXGroup;
			children = (
				D3A5E0BA2F9AA2E1007F83A5 /* String+PokemonType.swift */,
				D3A5E0A12F9AA1F4007F83A5 /* Color+PokemonType.swift */,
			);
			path = Extensions;
			sourceTree = "<group>";
		};
		D3196DF72F9C12190018E4A3 /* Protocols */ = {
			isa = PBXGroup;
			children = (
				D3196E102F9C12680018E4A3 /* ToggleFavoriteUseCaseProtocol.swift */,
				D3196E0C2F9C125E0018E4A3 /* GetFavoritesUseCaseProtocol.swift */,
				D3196E092F9C12570018E4A3 /* SearchPokemonUseCaseProtocol.swift */,
				D3196E062F9C12500018E4A3 /* GetPokemonTypesUseCaseProtocol.swift */,
				D3196E032F9C12460018E4A3 /* GetPokemonDetailUseCaseProtocol.swift */,
				D3196DFF2F9C123D0018E4A3 /* GetPokemonByTypeUseCaseProtocol.swift */,
				D3196DFA2F9C122A0018E4A3 /* GetPokemonListUseCaseProtocol.swift */,
			);
			path = Protocols;
			sourceTree = "<group>";
		};
		D3A5E0A22F9AA1F4007F83A5 /* Shared */ = {
			isa = PBXGroup;
			children = (
				D3196DEC2F9C10A00018E4A3 /* Extensions */,
				D3196DEA2F9C109A0018E4A3 /* Components */,
			);
			path = Shared;
			sourceTree = "<group>";
		};
		D3A5E0E12F9AAF8C007F83A5 /* Mocks */ = {
			isa = PBXGroup;
			children = (
				D3A5E13E2F9ADF7E007F83A5 /* MockGetFavoritesUseCase.swift */,
				D3A5E1382F9ADF74007F83A5 /* MockToggleFavoriteUseCase.swift */,
				D3A5E0DC2F9AAF8C007F83A5 /* MockGetPokemonByTypeUseCase.swift */,
				D3A5E0DD2F9AAF8C007F83A5 /* MockGetPokemonDetailUseCase.swift */,
				D3A5E0DE2F9AAF8C007F83A5 /* MockGetPokemonListUseCase.swift */,
				D3A5E0DF2F9AAF8C007F83A5 /* MockGetPokemonTypesUseCase.swift */,
				D3A5E0E02F9AAF8C007F83A5 /* MockSearchPokemonUseCase.swift */,
			);
			path = Mocks;
			sourceTree = "<group>";
		};
		D3A5E0E92F9AAF95007F83A5 /* TestData */ = {
			isa = PBXGroup;
			children = (
				D3A5E0E82F9AAF95007F83A5 /* PokemonDetail+Mock.swift */,
			);
			path = TestData;
			sourceTree = "<group>";
		};
		D3A5E12B2F9AD94F007F83A5 /* Persistence */ = {
			isa = PBXGroup;
			children = (
				D3A5E12A2F9AD94F007F83A5 /* FavoritePokemon.swift */,
			);
			path = Persistence;
			sourceTree = "<group>";
		};
		D3A5E1912F9BE724007F83A5 /* App */ = {
			isa = PBXGroup;
			children = (
				D3A5E1562F9B818C007F83A5 /* DependencyContainer.swift */,
				1A0E3A982862F7E200132FCB /* AppDelegate.swift */,
				1A0E3A9A2862F7E200132FCB /* SceneDelegate.swift */,
			);
			path = App;
			sourceTree = "<group>";
		};
		D3A5E19A2F9BE762007F83A5 /* Features */ = {
			isa = PBXGroup;
			children = (
				D3A5E1A22F9BE781007F83A5 /* PokemonDetail */,
				D3A5E19B2F9BE775007F83A5 /* PokemonList */,
			);
			path = Features;
			sourceTree = "<group>";
		};
		D3A5E19B2F9BE775007F83A5 /* PokemonList */ = {
			isa = PBXGroup;
			children = (
				D3196DD92F9C0EEE0018E4A3 /* Components */,
				D3196DA82F9BED700018E4A3 /* PokemonListViewModel.swift */,
				D34DFA502F96E5DC00386709 /* PokemonListView.swift */,
			);
			path = PokemonList;
			sourceTree = "<group>";
		};
		D3A5E1A22F9BE781007F83A5 /* PokemonDetail */ = {
			isa = PBXGroup;
			children = (
				D3196DF32F9C10E40018E4A3 /* PokemonDetailContainerView.swift */,
				D3196DDD2F9C0EFC0018E4A3 /* Components */,
				D34DFA5D2F96E60900386709 /* PokemonDetailView.swift */,
				D34DFA692F96E71100386709 /* PokemonSoundPlayer.swift */,
				D34DFA5B2F96E60700386709 /* PokemonDetailViewModel.swift */,
			);
			path = PokemonDetail;
			sourceTree = "<group>";
		};
		D3DC46F62F984AC400C72D3B /* Network */ = {
			isa = PBXGroup;
			children = (
				D3196DCE2F9BF8630018E4A3 /* Mapper */,
				D3196DCD2F9BF85D0018E4A3 /* DTO */,
				D34DFA712F96E72700386709 /* PokemonNetworkServiceProtocol.swift */,
				D34DFA732F96E72900386709 /* PokemonAPINetworkService.swift */,
				D34DFA772F96E72D00386709 /* OpenAPIPokemonNetworkService.swift */,
			);
			path = Network;
			sourceTree = "<group>";
		};
		D3DC46F72F984B0300C72D3B /* Mapper */ = {
			isa = PBXGroup;
			children = (
				D3196DC72F9BF7D80018E4A3 /* PokemonMapper.swift */,
				D3A5E07D2F9A86E6007F83A5 /* PokemonMapperHelpers.swift */,
			);
			path = Mapper;
			sourceTree = "<group>";
		};
		D3DC46F92F984BBC00C72D3B /* Models */ = {
			isa = PBXGroup;
			children = (
				D34DFA3E2F96E1CD00386709 /* Pokemon.swift */,
				D34DFA552F96E60100386709 /* PokemonDetail.swift */,
			);
			path = Models;
			sourceTree = "<group>";
		};
/* End PBXGroup section */

/* Begin PBXNativeTarget section */
		1A0E3A942862F7E200132FCB /* WallaMarvel */ = {
			isa = PBXNativeTarget;
			buildConfigurationList = 1A0E3ABF2862F7E300132FCB /* Build configuration list for PBXNativeTarget "WallaMarvel" */;
			buildPhases = (
				1A0E3A912862F7E200132FCB /* Sources */,
				1A0E3A922862F7E200132FCB /* Frameworks */,
				1A0E3A932862F7E200132FCB /* Resources */,
				D38A49A72F9CB98B00FD87C3 /* ShellScript */,
				D38A49A82F9CB9CA00FD87C3 /* ShellScript */,
			);
			buildRules = (
			);
			dependencies = (
				D3DC470C2F997E7000C72D3B /* PBXTargetDependency */,
			);
			name = WallaMarvel;
			productName = WallaMarvel;
			productReference = 1A0E3A952862F7E200132FCB /* WallaMarvel.app */;
			productType = "com.apple.product-type.application";
		};
		1A0E3AAA2862F7E300132FCB /* WallaMarvelTests */ = {
			isa = PBXNativeTarget;
			buildConfigurationList = 1A0E3AC22862F7E300132FCB /* Build configuration list for PBXNativeTarget "WallaMarvelTests" */;
			buildPhases = (
				1A0E3AA72862F7E300132FCB /* Sources */,
				1A0E3AA82862F7E300132FCB /* Frameworks */,
				1A0E3AA92862F7E300132FCB /* Resources */,
			);
			buildRules = (
			);
			dependencies = (
				1A0E3AAD2862F7E300132FCB /* PBXTargetDependency */,
			);
			name = WallaMarvelTests;
			productName = WallaMarvelTests;
			productReference = 1A0E3AAB2862F7E300132FCB /* WallaMarvelTests.xctest */;
			productType = "com.apple.product-type.bundle.unit-test";
		};
		1A0E3AB42862F7E300132FCB /* WallaMarvelUITests */ = {
			isa = PBXNativeTarget;
			buildConfigurationList = 1A0E3AC52862F7E300132FCB /* Build configuration list for PBXNativeTarget "WallaMarvelUITests" */;
			buildPhases = (
				1A0E3AB12862F7E300132FCB /* Sources */,
				1A0E3AB22862F7E300132FCB /* Frameworks */,
				1A0E3AB32862F7E300132FCB /* Resources */,
			);
			buildRules = (
			);
			dependencies = (
				1A0E3AB72862F7E300132FCB /* PBXTargetDependency */,
			);
			name = WallaMarvelUITests;
			productName = WallaMarvelUITests;
			productReference = 1A0E3AB52862F7E300132FCB /* WallaMarvelUITests.xctest */;
			productType = "com.apple.product-type.bundle.ui-testing";
		};
/* End PBXNativeTarget section */

/* Begin PBXProject section */
		1A0E3A8D2862F7E200132FCB /* Project object */ = {
			isa = PBXProject;
			attributes = {
				BuildIndependentTargetsInParallel = 1;
				LastSwiftUpdateCheck = 1340;
				LastUpgradeCheck = 1340;
				TargetAttributes = {
					1A0E3A942862F7E200132FCB = {
						CreatedOnToolsVersion = 13.4.1;
					};
					1A0E3AAA2862F7E300132FCB = {
						CreatedOnToolsVersion = 13.4.1;
						TestTargetID = 1A0E3A942862F7E200132FCB;
					};
					1A0E3AB42862F7E300132FCB = {
						CreatedOnToolsVersion = 13.4.1;
						TestTargetID = 1A0E3A942862F7E200132FCB;
					};
				};
			};
			buildConfigurationList = 1A0E3A902862F7E200132FCB /* Build configuration list for PBXProject "WallaMarvel" */;
			compatibilityVersion = "Xcode 13.0";
			developmentRegion = en;
			hasScannedForEncodings = 0;
			knownRegions = (
				en,
				Base,
			);
			mainGroup = 1A0E3A8C2862F7E200132FCB;
			packageReferences = (
				A66389F12DCE202500466318 /* XCRemoteSwiftPackageReference "Kingfisher" */,
				D3DC46F22F983A6700C72D3B /* XCRemoteSwiftPackageReference "PokemonAPI" */,
				D3DC46FA2F98504A00C72D3B /* XCRemoteSwiftPackageReference "swift-openapi-generator" */,
				D3DC46FF2F997D6400C72D3B /* XCRemoteSwiftPackageReference "swift-openapi-runtime" */,
				D3DC47022F997D7D00C72D3B /* XCRemoteSwiftPackageReference "swift-openapi-urlsession" */,
				D3A5E1142F9AD6DB007F83A5 /* XCRemoteSwiftPackageReference "realm-swift" */,
				D3196E1F2F9C37D00018E4A3 /* XCRemoteSwiftPackageReference "AccessibilitySnapshot" */,
			);
			productRefGroup = 1A0E3A962862F7E200132FCB /* Products */;
			projectDirPath = "";
			projectRoot = "";
			targets = (
				1A0E3A942862F7E200132FCB /* WallaMarvel */,
				1A0E3AAA2862F7E300132FCB /* WallaMarvelTests */,
				1A0E3AB42862F7E300132FCB /* WallaMarvelUITests */,
			);
		};
/* End PBXProject section */

/* Begin PBXResourcesBuildPhase section */
		1A0E3A932862F7E200132FCB /* Resources */ = {
			isa = PBXResourcesBuildPhase;
			buildActionMask = 2147483647;
			files = (
				1A0E3AA52862F7E300132FCB /* LaunchScreen.storyboard in Resources */,
				D3DC47272F99896300C72D3B /* openapi.yaml in Resources */,
				D3DC47102F9980A500C72D3B /* openapi-generator-config.yaml in Resources */,
				1A0E3AA22862F7E300132FCB /* Assets.xcassets in Resources */,
			);
			runOnlyForDeploymentPostprocessing = 0;
		};
		1A0E3AA92862F7E300132FCB /* Resources */ = {
			isa = PBXResourcesBuildPhase;
			buildActionMask = 2147483647;
			files = (
			);
			runOnlyForDeploymentPostprocessing = 0;
		};
		1A0E3AB32862F7E300132FCB /* Resources */ = {
			isa = PBXResourcesBuildPhase;
			buildActionMask = 2147483647;
			files = (
			);
			runOnlyForDeploymentPostprocessing = 0;
		};
/* End PBXResourcesBuildPhase section */

/* Begin PBXShellScriptBuildPhase section */
		D38A49A72F9CB98B00FD87C3 /* ShellScript */ = {
			isa = PBXShellScriptBuildPhase;
			alwaysOutOfDate = 1;
			buildActionMask = 2147483647;
			files = (
			);
			inputFileListPaths = (
			);
			inputPaths = (
			);
			outputFileListPaths = (
			);
			outputPaths = (
			);
			runOnlyForDeploymentPostprocessing = 0;
			shellPath = /bin/sh;
			shellScript = "# Type a script or drag a script file from your workspace to insert its path.\nexport PATH=\"$PATH:/opt/homebrew/bin\"\nif which swiftlint > /dev/null; then\n    swiftlint --config \"${SRCROOT}/.swiftlint.yml\"\nfi\n";
		};
		D38A49A82F9CB9CA00FD87C3 /* ShellScript */ = {
			isa = PBXShellScriptBuildPhase;
			alwaysOutOfDate = 1;
			buildActionMask = 2147483647;
			files = (
			);
			inputFileListPaths = (
			);
			inputPaths = (
			);
			outputFileListPaths = (
			);
			outputPaths = (
			);
			runOnlyForDeploymentPostprocessing = 0;
			shellPath = /bin/sh;
			shellScript = "# Type a script or drag a script file from your workspace to insert its path.\nexport PATH=\"$PATH:/opt/homebrew/bin\"\nif which swiftformat > /dev/null; then\n    swiftformat --config \"${SRCROOT}/.swiftformat\" \"${SRCROOT}\"\nfi\n";
		};
/* End PBXShellScriptBuildPhase section */

/* Begin PBXSourcesBuildPhase section */
		1A0E3A912862F7E200132FCB /* Sources */ = {
			isa = PBXSourcesBuildPhase;
			buildActionMask = 2147483647;
			files = (
				D3A5E0B32F9AA21D007F83A5 /* GetPokemonTypesUseCase.swift in Sources */,
				D34DFA532F96E5EA00386709 /* PokemonRowView.swift in Sources */,
				D34DFA3F2F96E1D000386709 /* Pokemon.swift in Sources */,
				D3196DC42F9BF7CE0018E4A3 /* PokemonDTO.swift in Sources */,
				D3196DFB2F9C122C0018E4A3 /* GetPokemonListUseCaseProtocol.swift in Sources */,
				D3A5E0F72F9AB435007F83A5 /* ErrorAlertModifier.swift in Sources */,
				D3A5E1232F9AD932007F83A5 /* ToggleFavoriteUseCase.swift in Sources */,
				D3A5E11B2F9AD91F007F83A5 /* FavoritesRepositoryProtocol.swift in Sources */,
				D3A5E12C2F9AD94F007F83A5 /* FavoritePokemon.swift in Sources */,
				1A0E3A992862F7E200132FCB /* AppDelegate.swift in Sources */,
				D34DFA4B2F96E28400386709 /* GetPokemonListUseCase.swift in Sources */,
				D34DFA492F96E25F00386709 /* PokemonRepositoryProtocol.swift in Sources */,
				1A0E3A9B2862F7E200132FCB /* SceneDelegate.swift in Sources */,
				D3A5E1272F9AD944007F83A5 /* FavoritesRepository.swift in Sources */,
				D34DFA472F96E24B00386709 /* PokemonRepository.swift in Sources */,
				D3A5E10A2F9AB9DA007F83A5 /* PokemonSpriteView.swift in Sources */,
				D3A5E0BB2F9AA2E1007F83A5 /* String+PokemonType.swift in Sources */,
				D3196E002F9C123E0018E4A3 /* GetPokemonByTypeUseCaseProtocol.swift in Sources */,
				D3196E0A2F9C12570018E4A3 /* SearchPokemonUseCaseProtocol.swift in Sources */,
				D3196DF42F9C10E50018E4A3 /* PokemonDetailContainerView.swift in Sources */,
				D3196E112F9C12690018E4A3 /* ToggleFavoriteUseCaseProtocol.swift in Sources */,
				D34DFA702F96E72600386709 /* PokemonNetworkServiceProtocol.swift in Sources */,
				D3A5E0A32F9AA1F4007F83A5 /* Color+PokemonType.swift in Sources */,
				D3A5E0C82F9AA56B007F83A5 /* PokemonTypeBadgeView.swift in Sources */,
				D3A5E1572F9B818C007F83A5 /* DependencyContainer.swift in Sources */,
				D3196DC92F9BF7DC0018E4A3 /* PokemonMapper.swift in Sources */,
				D34DFA722F96E72800386709 /* PokemonAPINetworkService.swift in Sources */,
				D34DFA742F96E72A00386709 /* PokemonDataMapper.swift in Sources */,
				D34DFA512F96E5DD00386709 /* PokemonListView.swift in Sources */,
				D34DFA542F96E60000386709 /* PokemonDetail.swift in Sources */,
				D34DFA582F96E60400386709 /* GetPokemonDetailUseCase.swift in Sources */,
				D34DFA5A2F96E60600386709 /* PokemonDetailViewModel.swift in Sources */,
				D34DFA5C2F96E60800386709 /* PokemonDetailView.swift in Sources */,
				D3A5E0872F9A980B007F83A5 /* GetPokemonByTypeUseCase.swift in Sources */,
				D3A5E11F2F9AD92A007F83A5 /* GetFavoritesUseCase.swift in Sources */,
				D34DFA5E2F96E70000386709 /* PokemonDetailHeaderView.swift in Sources */,
				D3A5E0F32F9AB42E007F83A5 /* AppLogger.swift in Sources */,
				D3196E042F9C12470018E4A3 /* GetPokemonDetailUseCaseProtocol.swift in Sources */,
				D34DFA602F96E70200386709 /* PokemonStatsSectionView.swift in Sources */,
				D34DFA622F96E70400386709 /* PokemonInfoSectionView.swift in Sources */,
				D34DFA642F96E70600386709 /* PokemonAbilitiesSectionView.swift in Sources */,
				D34DFA682F96E71000386709 /* PokemonSoundPlayer.swift in Sources */,
				D3196E072F9C12510018E4A3 /* GetPokemonTypesUseCaseProtocol.swift in Sources */,
				D3A5E07E2F9A86E6007F83A5 /* PokemonMapperHelpers.swift in Sources */,
				D34DFA6C2F96E72200386709 /* SearchPokemonUseCase.swift in Sources */,
				D34DFA762F96E72C00386709 /* OpenAPIPokemonNetworkService.swift in Sources */,
				D3196DA92F9BED710018E4A3 /* PokemonListViewModel.swift in Sources */,
				D3196E0D2F9C125E0018E4A3 /* GetFavoritesUseCaseProtocol.swift in Sources */,
				D34DFA782F96E72E00386709 /* OpenAPIPokemonDataMapper.swift in Sources */,
			);
			runOnlyForDeploymentPostprocessing = 0;
		};
		1A0E3AA72862F7E300132FCB /* Sources */ = {
			isa = PBXSourcesBuildPhase;
			buildActionMask = 2147483647;
			files = (
				D3196E2C2F9C39450018E4A3 /* AccessibilitySnapshotTests.swift in Sources */,
				D3A5E13F2F9ADF7E007F83A5 /* MockGetFavoritesUseCase.swift in Sources */,
				D3A5E0E22F9AAF8C007F83A5 /* MockGetPokemonTypesUseCase.swift in Sources */,
				D3A5E0EA2F9AAF95007F83A5 /* PokemonDetail+Mock.swift in Sources */,
				D3A5E0E32F9AAF8C007F83A5 /* MockGetPokemonDetailUseCase.swift in Sources */,
				D3A5E1392F9ADF74007F83A5 /* MockToggleFavoriteUseCase.swift in Sources */,
				D3A5E0E42F9AAF8C007F83A5 /* MockGetPokemonListUseCase.swift in Sources */,
				D3A5E0E52F9AAF8C007F83A5 /* MockSearchPokemonUseCase.swift in Sources */,
				D3A5E0E62F9AAF8C007F83A5 /* MockGetPokemonByTypeUseCase.swift in Sources */,
				D34DFA3D2F96DDA800386709 /* PokemonListViewModelTests.swift in Sources */,
				D34DFA6A2F96E72000386709 /* PokemonDetailViewModelTests.swift in Sources */,
			);
			runOnlyForDeploymentPostprocessing = 0;
		};
		1A0E3AB12862F7E300132FCB /* Sources */ = {
			isa = PBXSourcesBuildPhase;
			buildActionMask = 2147483647;
			files = (
				1A0E3ABA2862F7E300132FCB /* WallaMarvelUITests.swift in Sources */,
				1A0E3ABC2862F7E300132FCB /* WallaMarvelUITestsLaunchTests.swift in Sources */,
			);
			runOnlyForDeploymentPostprocessing = 0;
		};
/* End PBXSourcesBuildPhase section */

/* Begin PBXTargetDependency section */
		1A0E3AAD2862F7E300132FCB /* PBXTargetDependency */ = {
			isa = PBXTargetDependency;
			target = 1A0E3A942862F7E200132FCB /* WallaMarvel */;
			targetProxy = 1A0E3AAC2862F7E300132FCB /* PBXContainerItemProxy */;
		};
		1A0E3AB72862F7E300132FCB /* PBXTargetDependency */ = {
			isa = PBXTargetDependency;
			target = 1A0E3A942862F7E200132FCB /* WallaMarvel */;
			targetProxy = 1A0E3AB62862F7E300132FCB /* PBXContainerItemProxy */;
		};
		D3DC470C2F997E7000C72D3B /* PBXTargetDependency */ = {
			isa = PBXTargetDependency;
			productRef = D3DC470B2F997E7000C72D3B /* OpenAPIGenerator */;
		};
/* End PBXTargetDependency section */

/* Begin PBXVariantGroup section */
		1A0E3AA32862F7E300132FCB /* LaunchScreen.storyboard */ = {
			isa = PBXVariantGroup;
			children = (
				1A0E3AA42862F7E300132FCB /* Base */,
			);
			name = LaunchScreen.storyboard;
			sourceTree = "<group>";
		};
/* End PBXVariantGroup section */

/* Begin XCBuildConfiguration section */
		1A0E3ABD2862F7E300132FCB /* Debug */ = {
			isa = XCBuildConfiguration;
			buildSettings = {
				ALWAYS_SEARCH_USER_PATHS = NO;
				CLANG_ANALYZER_NONNULL = YES;
				CLANG_ANALYZER_NUMBER_OBJECT_CONVERSION = YES_AGGRESSIVE;
				CLANG_CXX_LANGUAGE_STANDARD = "gnu++17";
				CLANG_ENABLE_MODULES = YES;
				CLANG_ENABLE_OBJC_ARC = YES;
				CLANG_ENABLE_OBJC_WEAK = YES;
				CLANG_WARN_BLOCK_CAPTURE_AUTORELEASING = YES;
				CLANG_WARN_BOOL_CONVERSION = YES;
				CLANG_WARN_COMMA = YES;
				CLANG_WARN_CONSTANT_CONVERSION = YES;
				CLANG_WARN_DEPRECATED_OBJC_IMPLEMENTATIONS = YES;
				CLANG_WARN_DIRECT_OBJC_ISA_USAGE = YES_ERROR;
				CLANG_WARN_DOCUMENTATION_COMMENTS = YES;
				CLANG_WARN_EMPTY_BODY = YES;
				CLANG_WARN_ENUM_CONVERSION = YES;
				CLANG_WARN_INFINITE_RECURSION = YES;
				CLANG_WARN_INT_CONVERSION = YES;
				CLANG_WARN_NON_LITERAL_NULL_CONVERSION = YES;
				CLANG_WARN_OBJC_IMPLICIT_RETAIN_SELF = YES;
				CLANG_WARN_OBJC_LITERAL_CONVERSION = YES;
				CLANG_WARN_OBJC_ROOT_CLASS = YES_ERROR;
				CLANG_WARN_QUOTED_INCLUDE_IN_FRAMEWORK_HEADER = YES;
				CLANG_WARN_RANGE_LOOP_ANALYSIS = YES;
				CLANG_WARN_STRICT_PROTOTYPES = YES;
				CLANG_WARN_SUSPICIOUS_MOVE = YES;
				CLANG_WARN_UNGUARDED_AVAILABILITY = YES_AGGRESSIVE;
				CLANG_WARN_UNREACHABLE_CODE = YES;
				CLANG_WARN__DUPLICATE_METHOD_MATCH = YES;
				COPY_PHASE_STRIP = NO;
				DEBUG_INFORMATION_FORMAT = dwarf;
				ENABLE_STRICT_OBJC_MSGSEND = YES;
				ENABLE_TESTABILITY = YES;
				GCC_C_LANGUAGE_STANDARD = gnu11;
				GCC_DYNAMIC_NO_PIC = NO;
				GCC_NO_COMMON_BLOCKS = YES;
				GCC_OPTIMIZATION_LEVEL = 0;
				GCC_PREPROCESSOR_DEFINITIONS = (
					"DEBUG=1",
					"$(inherited)",
				);
				GCC_WARN_64_TO_32_BIT_CONVERSION = YES;
				GCC_WARN_ABOUT_RETURN_TYPE = YES_ERROR;
				GCC_WARN_UNDECLARED_SELECTOR = YES;
				GCC_WARN_UNINITIALIZED_AUTOS = YES_AGGRESSIVE;
				GCC_WARN_UNUSED_FUNCTION = YES;
				GCC_WARN_UNUSED_VARIABLE = YES;
				IPHONEOS_DEPLOYMENT_TARGET = 15.5;
				MTL_ENABLE_DEBUG_INFO = INCLUDE_SOURCE;
				MTL_FAST_MATH = YES;
				ONLY_ACTIVE_ARCH = YES;
				SDKROOT = iphoneos;
				SWIFT_ACTIVE_COMPILATION_CONDITIONS = DEBUG;
				SWIFT_OPTIMIZATION_LEVEL = "-Onone";
			};
			name = Debug;
		};
		1A0E3ABE2862F7E300132FCB /* Release */ = {
			isa = XCBuildConfiguration;
			buildSettings = {
				ALWAYS_SEARCH_USER_PATHS = NO;
				CLANG_ANALYZER_NONNULL = YES;
				CLANG_ANALYZER_NUMBER_OBJECT_CONVERSION = YES_AGGRESSIVE;
				CLANG_CXX_LANGUAGE_STANDARD = "gnu++17";
				CLANG_ENABLE_MODULES = YES;
				CLANG_ENABLE_OBJC_ARC = YES;
				CLANG_ENABLE_OBJC_WEAK = YES;
				CLANG_WARN_BLOCK_CAPTURE_AUTORELEASING = YES;
				CLANG_WARN_BOOL_CONVERSION = YES;
				CLANG_WARN_COMMA = YES;
				CLANG_WARN_CONSTANT_CONVERSION = YES;
				CLANG_WARN_DEPRECATED_OBJC_IMPLEMENTATIONS = YES;
				CLANG_WARN_DIRECT_OBJC_ISA_USAGE = YES_ERROR;
				CLANG_WARN_DOCUMENTATION_COMMENTS = YES;
				CLANG_WARN_EMPTY_BODY = YES;
				CLANG_WARN_ENUM_CONVERSION = YES;
				CLANG_WARN_INFINITE_RECURSION = YES;
				CLANG_WARN_INT_CONVERSION = YES;
				CLANG_WARN_NON_LITERAL_NULL_CONVERSION = YES;
				CLANG_WARN_OBJC_IMPLICIT_RETAIN_SELF = YES;
				CLANG_WARN_OBJC_LITERAL_CONVERSION = YES;
				CLANG_WARN_OBJC_ROOT_CLASS = YES_ERROR;
				CLANG_WARN_QUOTED_INCLUDE_IN_FRAMEWORK_HEADER = YES;
				CLANG_WARN_RANGE_LOOP_ANALYSIS = YES;
				CLANG_WARN_STRICT_PROTOTYPES = YES;
				CLANG_WARN_SUSPICIOUS_MOVE = YES;
				CLANG_WARN_UNGUARDED_AVAILABILITY = YES_AGGRESSIVE;
				CLANG_WARN_UNREACHABLE_CODE = YES;
				CLANG_WARN__DUPLICATE_METHOD_MATCH = YES;
				COPY_PHASE_STRIP = NO;
				DEBUG_INFORMATION_FORMAT = "dwarf-with-dsym";
				ENABLE_NS_ASSERTIONS = NO;
				ENABLE_STRICT_OBJC_MSGSEND = YES;
				GCC_C_LANGUAGE_STANDARD = gnu11;
				GCC_NO_COMMON_BLOCKS = YES;
				GCC_WARN_64_TO_32_BIT_CONVERSION = YES;
				GCC_WARN_ABOUT_RETURN_TYPE = YES_ERROR;
				GCC_WARN_UNDECLARED_SELECTOR = YES;
				GCC_WARN_UNINITIALIZED_AUTOS = YES_AGGRESSIVE;
				GCC_WARN_UNUSED_FUNCTION = YES;
				GCC_WARN_UNUSED_VARIABLE = YES;
				IPHONEOS_DEPLOYMENT_TARGET = 15.5;
				MTL_ENABLE_DEBUG_INFO = NO;
				MTL_FAST_MATH = YES;
				SDKROOT = iphoneos;
				SWIFT_COMPILATION_MODE = wholemodule;
				SWIFT_OPTIMIZATION_LEVEL = "-O";
				VALIDATE_PRODUCT = YES;
			};
			name = Release;
		};
		1A0E3AC02862F7E300132FCB /* Debug */ = {
			isa = XCBuildConfiguration;
			buildSettings = {
				ASSETCATALOG_COMPILER_APPICON_NAME = AppIcon;
				ASSETCATALOG_COMPILER_GLOBAL_ACCENT_COLOR_NAME = AccentColor;
				CODE_SIGN_STYLE = Automatic;
				CURRENT_PROJECT_VERSION = 1;
				GENERATE_INFOPLIST_FILE = YES;
				INFOPLIST_FILE = WallaMarvel/Info.plist;
				INFOPLIST_KEY_CFBundleDisplayName = "Pokédex";
				INFOPLIST_KEY_LSApplicationCategoryType = "public.app-category.education";
				INFOPLIST_KEY_UIApplicationSupportsIndirectInputEvents = YES;
				INFOPLIST_KEY_UILaunchStoryboardName = LaunchScreen;
				INFOPLIST_KEY_UISupportedInterfaceOrientations_iPad = "UIInterfaceOrientationPortrait UIInterfaceOrientationPortraitUpsideDown UIInterfaceOrientationLandscapeLeft UIInterfaceOrientationLandscapeRight";
				INFOPLIST_KEY_UISupportedInterfaceOrientations_iPhone = "UIInterfaceOrientationPortrait UIInterfaceOrientationLandscapeLeft UIInterfaceOrientationLandscapeRight";
				IPHONEOS_DEPLOYMENT_TARGET = 17.0;
				LD_RUNPATH_SEARCH_PATHS = (
					"$(inherited)",
					"@executable_path/Frameworks",
				);
				MARKETING_VERSION = 1.0;
				PRODUCT_BUNDLE_IDENTIFIER = com.wallapop.WallaMarvel;
				PRODUCT_NAME = "$(TARGET_NAME)";
				SUPPORTED_PLATFORMS = "iphoneos iphonesimulator";
				SUPPORTS_MACCATALYST = NO;
				SUPPORTS_MAC_DESIGNED_FOR_IPHONE_IPAD = NO;
				SUPPORTS_XR_DESIGNED_FOR_IPHONE_IPAD = NO;
				SWIFT_EMIT_LOC_STRINGS = YES;
				SWIFT_VERSION = 5.0;
				TARGETED_DEVICE_FAMILY = "1,2";
			};
			name = Debug;
		};
		1A0E3AC12862F7E300132FCB /* Release */ = {
			isa = XCBuildConfiguration;
			buildSettings = {
				ASSETCATALOG_COMPILER_APPICON_NAME = AppIcon;
				ASSETCATALOG_COMPILER_GLOBAL_ACCENT_COLOR_NAME = AccentColor;
				CODE_SIGN_STYLE = Automatic;
				CURRENT_PROJECT_VERSION = 1;
				GENERATE_INFOPLIST_FILE = YES;
				INFOPLIST_FILE = WallaMarvel/Info.plist;
				INFOPLIST_KEY_CFBundleDisplayName = "Pokédex";
				INFOPLIST_KEY_LSApplicationCategoryType = "public.app-category.education";
				INFOPLIST_KEY_UIApplicationSupportsIndirectInputEvents = YES;
				INFOPLIST_KEY_UILaunchStoryboardName = LaunchScreen;
				INFOPLIST_KEY_UISupportedInterfaceOrientations_iPad = "UIInterfaceOrientationPortrait UIInterfaceOrientationPortraitUpsideDown UIInterfaceOrientationLandscapeLeft UIInterfaceOrientationLandscapeRight";
				INFOPLIST_KEY_UISupportedInterfaceOrientations_iPhone = "UIInterfaceOrientationPortrait UIInterfaceOrientationLandscapeLeft UIInterfaceOrientationLandscapeRight";
				IPHONEOS_DEPLOYMENT_TARGET = 17.0;
				LD_RUNPATH_SEARCH_PATHS = (
					"$(inherited)",
					"@executable_path/Frameworks",
				);
				MARKETING_VERSION = 1.0;
				PRODUCT_BUNDLE_IDENTIFIER = com.wallapop.WallaMarvel;
				PRODUCT_NAME = "$(TARGET_NAME)";
				SUPPORTED_PLATFORMS = "iphoneos iphonesimulator";
				SUPPORTS_MACCATALYST = NO;
				SUPPORTS_MAC_DESIGNED_FOR_IPHONE_IPAD = NO;
				SUPPORTS_XR_DESIGNED_FOR_IPHONE_IPAD = NO;
				SWIFT_EMIT_LOC_STRINGS = YES;
				SWIFT_VERSION = 5.0;
				TARGETED_DEVICE_FAMILY = "1,2";
			};
			name = Release;
		};
		1A0E3AC32862F7E300132FCB /* Debug */ = {
			isa = XCBuildConfiguration;
			buildSettings = {
				ALWAYS_EMBED_SWIFT_STANDARD_LIBRARIES = YES;
				BUNDLE_LOADER = "$(TEST_HOST)";
				CODE_SIGN_STYLE = Automatic;
				CURRENT_PROJECT_VERSION = 1;
				GENERATE_INFOPLIST_FILE = YES;
				IPHONEOS_DEPLOYMENT_TARGET = 17.0;
				MARKETING_VERSION = 1.0;
				PRODUCT_BUNDLE_IDENTIFIER = com.wallapop.WallaMarvelTests;
				PRODUCT_NAME = "$(TARGET_NAME)";
				SWIFT_EMIT_LOC_STRINGS = NO;
				SWIFT_VERSION = 5.0;
				TARGETED_DEVICE_FAMILY = "1,2";
				TEST_HOST = "$(BUILT_PRODUCTS_DIR)/WallaMarvel.app/$(BUNDLE_EXECUTABLE_FOLDER_PATH)/WallaMarvel";
			};
			name = Debug;
		};
		1A0E3AC42862F7E300132FCB /* Release */ = {
			isa = XCBuildConfiguration;
			buildSettings = {
				ALWAYS_EMBED_SWIFT_STANDARD_LIBRARIES = YES;
				BUNDLE_LOADER = "$(TEST_HOST)";
				CODE_SIGN_STYLE = Automatic;
				CURRENT_PROJECT_VERSION = 1;
				GENERATE_INFOPLIST_FILE = YES;
				IPHONEOS_DEPLOYMENT_TARGET = 17.0;
				MARKETING_VERSION = 1.0;
				PRODUCT_BUNDLE_IDENTIFIER = com.wallapop.WallaMarvelTests;
				PRODUCT_NAME = "$(TARGET_NAME)";
				SWIFT_EMIT_LOC_STRINGS = NO;
				SWIFT_VERSION = 5.0;
				TARGETED_DEVICE_FAMILY = "1,2";
				TEST_HOST = "$(BUILT_PRODUCTS_DIR)/WallaMarvel.app/$(BUNDLE_EXECUTABLE_FOLDER_PATH)/WallaMarvel";
			};
			name = Release;
		};
		1A0E3AC62862F7E300132FCB /* Debug */ = {
			isa = XCBuildConfiguration;
			buildSettings = {
				ALWAYS_EMBED_SWIFT_STANDARD_LIBRARIES = YES;
				CODE_SIGN_STYLE = Automatic;
				CURRENT_PROJECT_VERSION = 1;
				GENERATE_INFOPLIST_FILE = YES;
				IPHONEOS_DEPLOYMENT_TARGET = 17.0;
				MARKETING_VERSION = 1.0;
				PRODUCT_BUNDLE_IDENTIFIER = com.wallapop.WallaMarvelUITests;
				PRODUCT_NAME = "$(TARGET_NAME)";
				SWIFT_EMIT_LOC_STRINGS = NO;
				SWIFT_VERSION = 5.0;
				TARGETED_DEVICE_FAMILY = "1,2";
				TEST_TARGET_NAME = WallaMarvel;
			};
			name = Debug;
		};
		1A0E3AC72862F7E300132FCB /* Release */ = {
			isa = XCBuildConfiguration;
			buildSettings = {
				ALWAYS_EMBED_SWIFT_STANDARD_LIBRARIES = YES;
				CODE_SIGN_STYLE = Automatic;
				CURRENT_PROJECT_VERSION = 1;
				GENERATE_INFOPLIST_FILE = YES;
				IPHONEOS_DEPLOYMENT_TARGET = 17.0;
				MARKETING_VERSION = 1.0;
				PRODUCT_BUNDLE_IDENTIFIER = com.wallapop.WallaMarvelUITests;
				PRODUCT_NAME = "$(TARGET_NAME)";
				SWIFT_EMIT_LOC_STRINGS = NO;
				SWIFT_VERSION = 5.0;
				TARGETED_DEVICE_FAMILY = "1,2";
				TEST_TARGET_NAME = WallaMarvel;
			};
			name = Release;
		};
/* End XCBuildConfiguration section */

/* Begin XCConfigurationList section */
		1A0E3A902862F7E200132FCB /* Build configuration list for PBXProject "WallaMarvel" */ = {
			isa = XCConfigurationList;
			buildConfigurations = (
				1A0E3ABD2862F7E300132FCB /* Debug */,
				1A0E3ABE2862F7E300132FCB /* Release */,
			);
			defaultConfigurationIsVisible = 0;
			defaultConfigurationName = Release;
		};
		1A0E3ABF2862F7E300132FCB /* Build configuration list for PBXNativeTarget "WallaMarvel" */ = {
			isa = XCConfigurationList;
			buildConfigurations = (
				1A0E3AC02862F7E300132FCB /* Debug */,
				1A0E3AC12862F7E300132FCB /* Release */,
			);
			defaultConfigurationIsVisible = 0;
			defaultConfigurationName = Release;
		};
		1A0E3AC22862F7E300132FCB /* Build configuration list for PBXNativeTarget "WallaMarvelTests" */ = {
			isa = XCConfigurationList;
			buildConfigurations = (
				1A0E3AC32862F7E300132FCB /* Debug */,
				1A0E3AC42862F7E300132FCB /* Release */,
			);
			defaultConfigurationIsVisible = 0;
			defaultConfigurationName = Release;
		};
		1A0E3AC52862F7E300132FCB /* Build configuration list for PBXNativeTarget "WallaMarvelUITests" */ = {
			isa = XCConfigurationList;
			buildConfigurations = (
				1A0E3AC62862F7E300132FCB /* Debug */,
				1A0E3AC72862F7E300132FCB /* Release */,
			);
			defaultConfigurationIsVisible = 0;
			defaultConfigurationName = Release;
		};
/* End XCConfigurationList section */

/* Begin XCRemoteSwiftPackageReference section */
		A66389F12DCE202500466318 /* XCRemoteSwiftPackageReference "Kingfisher" */ = {
			isa = XCRemoteSwiftPackageReference;
			repositoryURL = "https://github.com/onevcat/Kingfisher.git";
			requirement = {
				kind = upToNextMajorVersion;
				minimumVersion = 7.2.4;
			};
		};
		D3196E1F2F9C37D00018E4A3 /* XCRemoteSwiftPackageReference "AccessibilitySnapshot" */ = {
			isa = XCRemoteSwiftPackageReference;
			repositoryURL = "https://github.com/cashapp/AccessibilitySnapshot";
			requirement = {
				kind = exactVersion;
				version = 0.10.0;
			};
		};
		D3A5E1142F9AD6DB007F83A5 /* XCRemoteSwiftPackageReference "realm-swift" */ = {
			isa = XCRemoteSwiftPackageReference;
			repositoryURL = "https://github.com/realm/realm-swift.git";
			requirement = {
				kind = exactVersion;
				version = 20.0.4;
			};
		};
		D3DC46F22F983A6700C72D3B /* XCRemoteSwiftPackageReference "PokemonAPI" */ = {
			isa = XCRemoteSwiftPackageReference;
			repositoryURL = "https://github.com/kinkofer/PokemonAPI.git";
			requirement = {
				kind = exactVersion;
				version = 7.0.3;
			};
		};
		D3DC46FA2F98504A00C72D3B /* XCRemoteSwiftPackageReference "swift-openapi-generator" */ = {
			isa = XCRemoteSwiftPackageReference;
			repositoryURL = "https://github.com/apple/swift-openapi-generator.git";
			requirement = {
				kind = exactVersion;
				version = 1.11.1;
			};
		};
		D3DC46FF2F997D6400C72D3B /* XCRemoteSwiftPackageReference "swift-openapi-runtime" */ = {
			isa = XCRemoteSwiftPackageReference;
			repositoryURL = "https://github.com/apple/swift-openapi-runtime";
			requirement = {
				kind = exactVersion;
				version = 1.11.0;
			};
		};
		D3DC47022F997D7D00C72D3B /* XCRemoteSwiftPackageReference "swift-openapi-urlsession" */ = {
			isa = XCRemoteSwiftPackageReference;
			repositoryURL = "https://github.com/apple/swift-openapi-urlsession";
			requirement = {
				kind = exactVersion;
				version = 1.3.0;
			};
		};
/* End XCRemoteSwiftPackageReference section */

/* Begin XCSwiftPackageProductDependency section */
		A66389F22DCE202500466318 /* Kingfisher */ = {
			isa = XCSwiftPackageProductDependency;
			package = A66389F12DCE202500466318 /* XCRemoteSwiftPackageReference "Kingfisher" */;
			productName = Kingfisher;
		};
		D3196E202F9C37D00018E4A3 /* AccessibilitySnapshot */ = {
			isa = XCSwiftPackageProductDependency;
			package = D3196E1F2F9C37D00018E4A3 /* XCRemoteSwiftPackageReference "AccessibilitySnapshot" */;
			productName = AccessibilitySnapshot;
		};
		D3196E222F9C37D00018E4A3 /* AccessibilitySnapshotCore */ = {
			isa = XCSwiftPackageProductDependency;
			package = D3196E1F2F9C37D00018E4A3 /* XCRemoteSwiftPackageReference "AccessibilitySnapshot" */;
			productName = AccessibilitySnapshotCore;
		};
		D3196E242F9C37D00018E4A3 /* FBSnapshotTestCase+Accessibility */ = {
			isa = XCSwiftPackageProductDependency;
			package = D3196E1F2F9C37D00018E4A3 /* XCRemoteSwiftPackageReference "AccessibilitySnapshot" */;
			productName = "FBSnapshotTestCase+Accessibility";
		};
		D3A5E1152F9AD6DB007F83A5 /* RealmSwift */ = {
			isa = XCSwiftPackageProductDependency;
			package = D3A5E1142F9AD6DB007F83A5 /* XCRemoteSwiftPackageReference "realm-swift" */;
			productName = RealmSwift;
		};
		D3DC46F32F983A6700C72D3B /* PokemonAPI */ = {
			isa = XCSwiftPackageProductDependency;
			package = D3DC46F22F983A6700C72D3B /* XCRemoteSwiftPackageReference "PokemonAPI" */;
			productName = PokemonAPI;
		};
		D3DC47002F997D6400C72D3B /* OpenAPIRuntime */ = {
			isa = XCSwiftPackageProductDependency;
			package = D3DC46FF2F997D6400C72D3B /* XCRemoteSwiftPackageReference "swift-openapi-runtime" */;
			productName = OpenAPIRuntime;
		};
		D3DC47032F997D7D00C72D3B /* OpenAPIURLSession */ = {
			isa = XCSwiftPackageProductDependency;
			package = D3DC47022F997D7D00C72D3B /* XCRemoteSwiftPackageReference "swift-openapi-urlsession" */;
			productName = OpenAPIURLSession;
		};
		D3DC470B2F997E7000C72D3B /* OpenAPIGenerator */ = {
			isa = XCSwiftPackageProductDependency;
			package = D3DC46FA2F98504A00C72D3B /* XCRemoteSwiftPackageReference "swift-openapi-generator" */;
			productName = "plugin:OpenAPIGenerator";
		};
/* End XCSwiftPackageProductDependency section */
	};
	rootObject = 1A0E3A8D2862F7E200132FCB /* Project object */;
}
